
Microsoft Visual Studio Solution File, Format Version 12.00
# Visual Studio Version 17
VisualStudioVersion = 17.5.002.0
MinimumVisualStudioVersion = 10.0.40219.1
Project("{2150E333-8FDC-42A3-9474-1A3956D46DE8}") = "Solution Items", "Solution Items", "{7FAB2FEF-77C3-4519-AA2E-0CCCDFE1FC13}"
	ProjectSection(SolutionItems) = preProject
		README.md = README.md
	EndProjectSection
EndProject
Project("{9A19103F-16F7-4668-BE54-9A1E7A4F7556}") = "TemperatureDevice", "src\temperature-device\TemperatureDevice.csproj", "{BCF33DBA-80D3-4C93-9C1C-DB0E6C2B272F}"
EndProject
Project("{9A19103F-16F7-4668-BE54-9A1E7A4F7556}") = "MessageRouter", "src\router\MessageRouter.csproj", "{D6AB22A6-0FBE-4592-9BA7-877324B7BC9C}"
EndProject
Project("{9A19103F-16F7-4668-BE54-9A1E7A4F7556}") = "EventSender", "src\event-sender\EventSender.csproj", "{DCA50C39-7C54-46D7-8740-E55E63248BE4}"
EndProject
Project("{9A19103F-16F7-4668-BE54-9A1E7A4F7556}") = "AspireHost.AppHost", "src\aspire\AspireHost.AppHost.csproj", "{F73B51CB-2AE9-4D42-AC4B-DECBF6752E28}"
EndProject
Project("{9A19103F-16F7-4668-BE54-9A1E7A4F7556}") = "CommandSender", "src\command-sender\CommandSender.csproj", "{B0638BF6-7831-4114-B059-8F73C0B32C80}"
EndProject
Project("{FAE04EC0-301F-11D3-BF4B-00C04F79EFBC}") = "YarpHubProxy", "src\yarp-hub-proxy\YarpHubProxy.csproj", "{C2376168-0DFD-47E3-91D6-8B8C839016DB}"
EndProject
Project("{FAE04EC0-301F-11D3-BF4B-00C04F79EFBC}") = "MessageMediator", "src\message-mediator\MessageMediator.csproj", "{4DBC6430-0EF0-478C-AF25-A560D146CA47}"
EndProject
Global
	GlobalSection(SolutionConfigurationPlatforms) = preSolution
		Debug|Any CPU = Debug|Any CPU
		Release|Any CPU = Release|Any CPU
	EndGlobalSection
	GlobalSection(ProjectConfigurationPlatforms) = postSolution
		{BCF33DBA-80D3-4C93-9C1C-DB0E6C2B272F}.Debug|Any CPU.ActiveCfg = Debug|Any CPU
		{BCF33DBA-80D3-4C93-9C1C-DB0E6C2B272F}.Debug|Any CPU.Build.0 = Debug|Any CPU
		{BCF33DBA-80D3-4C93-9C1C-DB0E6C2B272F}.Release|Any CPU.ActiveCfg = Release|Any CPU
		{BCF33DBA-80D3-4C93-9C1C-DB0E6C2B272F}.Release|Any CPU.Build.0 = Release|Any CPU
		{D6AB22A6-0FBE-4592-9BA7-877324B7BC9C}.Debug|Any CPU.ActiveCfg = Debug|Any CPU
		{D6AB22A6-0FBE-4592-9BA7-877324B7BC9C}.Debug|Any CPU.Build.0 = Debug|Any CPU
		{D6AB22A6-0FBE-4592-9BA7-877324B7BC9C}.Release|Any CPU.ActiveCfg = Release|Any CPU
		{D6AB22A6-0FBE-4592-9BA7-877324B7BC9C}.Release|Any CPU.Build.0 = Release|Any CPU
		{DCA50C39-7C54-46D7-8740-E55E63248BE4}.Debug|Any CPU.ActiveCfg = Debug|Any CPU
		{DCA50C39-7C54-46D7-8740-E55E63248BE4}.Debug|Any CPU.Build.0 = Debug|Any CPU
		{DCA50C39-7C54-46D7-8740-E55E63248BE4}.Release|Any CPU.ActiveCfg = Release|Any CPU
		{DCA50C39-7C54-46D7-8740-E55E63248BE4}.Release|Any CPU.Build.0 = Release|Any CPU
		{F73B51CB-2AE9-4D42-AC4B-DECBF6752E28}.Debug|Any CPU.ActiveCfg = Debug|Any CPU
		{F73B51CB-2AE9-4D42-AC4B-DECBF6752E28}.Debug|Any CPU.Build.0 = Debug|Any CPU
		{F73B51CB-2AE9-4D42-AC4B-DECBF6752E28}.Release|Any CPU.ActiveCfg = Release|Any CPU
		{F73B51CB-2AE9-4D42-AC4B-DECBF6752E28}.Release|Any CPU.Build.0 = Release|Any CPU
		{B0638BF6-7831-4114-B059-8F73C0B32C80}.Debug|Any CPU.ActiveCfg = Debug|Any CPU
		{B0638BF6-7831-4114-B059-8F73C0B32C80}.Debug|Any CPU.Build.0 = Debug|Any CPU
		{B0638BF6-7831-4114-B059-8F73C0B32C80}.Release|Any CPU.ActiveCfg = Release|Any CPU
		{B0638BF6-7831-4114-B059-8F73C0B32C80}.Release|Any CPU.Build.0 = Release|Any CPU
		{C2376168-0DFD-47E3-91D6-8B8C839016DB}.Debug|Any CPU.ActiveCfg = Debug|Any CPU
		{C2376168-0DFD-47E3-91D6-8B8C839016DB}.Debug|Any CPU.Build.0 = Debug|Any CPU
		{C2376168-0DFD-47E3-91D6-8B8C839016DB}.Release|Any CPU.ActiveCfg = Release|Any CPU
		{C2376168-0DFD-47E3-91D6-8B8C839016DB}.Release|Any CPU.Build.0 = Release|Any CPU
		{4DBC6430-0EF0-478C-AF25-A560D146CA47}.Debug|Any CPU.ActiveCfg = Debug|Any CPU
		{4DBC6430-0EF0-478C-AF25-A560D146CA47}.Debug|Any CPU.Build.0 = Debug|Any CPU
		{4DBC6430-0EF0-478C-AF25-A560D146CA47}.Release|Any CPU.ActiveCfg = Release|Any CPU
		{4DBC6430-0EF0-478C-AF25-A560D146CA47}.Release|Any CPU.Build.0 = Release|Any CPU
	EndGlobalSection
	GlobalSection(SolutionProperties) = preSolution
		HideSolutionNode = FALSE
	EndGlobalSection
	GlobalSection(ExtensibilityGlobals) = postSolution
		SolutionGuid = {B132F176-9627-46A3-9272-698E6C538F34}
	EndGlobalSection
EndGlobal
